<Solution>
  <Project Path="StudentManagementSystem.Api/StudentManagementSystem.Api.csproj" />
  <Project Path="StudentManagementSystem.Application/StudentManagementSystem.Application.csproj" />
  <Project Path="StudentManagementSystem.Domain/StudentManagementSystem.Domain.csproj" />
  <Project Path="StudentManagementSystem.Infrastructure/StudentManagementSystem.Infrastructure.csproj" />
  <Project Path="StudentManagementSystem.Tests/StudentManagementSystem.Tests.csproj" />
</Solution>
